
Microsoft Visual Studio Solution File, Format Version 12.00
# Visual Studio 14
VisualStudioVersion = 14.0.25420.1
MinimumVisualStudioVersion = 10.0.40219.1
Project("{8BC9CEB8-8B4A-11D0-8D11-00A0C91BC942}") = "ellog", "ellog\ellog.vcxproj", "{CEA7F7C1-E5C9-4E0D-A1DD-F445A50B959A}"
EndProject
Project("{8BC9CEB8-8B4A-11D0-8D11-00A0C91BC942}") = "MIMProtocol", "MIMProtocol\MIMProtocol.vcxproj", "{F24DCE54-68C7-449D-B95A-94B2E6DF7D06}"
EndProject
Project("{8BC9CEB8-8B4A-11D0-8D11-00A0C91BC942}") = "loadso", "utils\loadso\loadso.vcxproj", "{975FED5A-3F67-4AD5-9F5F-EAE3FBCC8971}"
EndProject
Project("{8BC9CEB8-8B4A-11D0-8D11-00A0C91BC942}") = "threads", "utils\threads\threads.vcxproj", "{58DD73DB-B0E3-442A-8251-23ED8AB53AFA}"
EndProject
Project("{8BC9CEB8-8B4A-11D0-8D11-00A0C91BC942}") = "verify", "utils\verify\verify.vcxproj", "{74598A65-6A66-4B3D-A359-B6691CECC136}"
EndProject
Project("{8BC9CEB8-8B4A-11D0-8D11-00A0C91BC942}") = "testellog", "ellog\test\testellog.vcxproj", "{8A259902-4430-41AF-8E56-7725B456DCCC}"
EndProject
Project("{8BC9CEB8-8B4A-11D0-8D11-00A0C91BC942}") = "testroll", "ellog\testroll\testroll.vcxproj", "{395D2E83-1D8B-4180-9771-7B67E2FBCEFC}"
EndProject
Project("{8BC9CEB8-8B4A-11D0-8D11-00A0C91BC942}") = "sqler", "sqler\sqler.vcxproj", "{A5636DF2-A288-4C6C-A7DA-FF8BA4B5D48A}"
EndProject
Project("{8BC9CEB8-8B4A-11D0-8D11-00A0C91BC942}") = "testsqler", "sqler\mysqler\testsqler\testsqler.vcxproj", "{1870CFE7-A4B7-4C07-88F0-4A68139AA370}"
EndProject
Project("{8BC9CEB8-8B4A-11D0-8D11-00A0C91BC942}") = "mmloop_test", "connecter\mmloop_test\mmloop_test.vcxproj", "{F4F7C707-BE7E-4F11-950D-F100CAAD0BCC}"
EndProject
Project("{8BC9CEB8-8B4A-11D0-8D11-00A0C91BC942}") = "uvbase", "connecter\uvbase\uvbase.vcxproj", "{C07F4C8B-E01F-41D5-BD53-9E58833C08F5}"
EndProject
Project("{8BC9CEB8-8B4A-11D0-8D11-00A0C91BC942}") = "libuv", "connecter\libuv\libuv.vcxproj", "{33066374-88CB-CB8D-15DA-61032886329A}"
EndProject
Project("{8BC9CEB8-8B4A-11D0-8D11-00A0C91BC942}") = "transmitter", "connecter\transmitter\transmitter.vcxproj", "{7B2173A5-7AE4-4A80-9205-E7A22D485453}"
EndProject
Project("{8BC9CEB8-8B4A-11D0-8D11-00A0C91BC942}") = "testMimProt", "testMimProt\testMimProt.vcxproj", "{DB044C7E-AA73-4906-A4E6-2FC76457FF23}"
EndProject
Project("{8BC9CEB8-8B4A-11D0-8D11-00A0C91BC942}") = "mimer", "mimer\mimer.vcxproj", "{453705F5-45AB-4B80-AC19-46B55D1EAD2A}"
EndProject
Project("{8BC9CEB8-8B4A-11D0-8D11-00A0C91BC942}") = "testransmitter", "connecter\transmitter\test\testransmitter.vcxproj", "{60510332-5FF0-4776-84B9-C8543957C6C1}"
EndProject
Global
	GlobalSection(SolutionConfigurationPlatforms) = preSolution
		Debug|x64 = Debug|x64
		Debug|x86 = Debug|x86
		Release|x64 = Release|x64
		Release|x86 = Release|x86
	EndGlobalSection
	GlobalSection(ProjectConfigurationPlatforms) = postSolution
		{CEA7F7C1-E5C9-4E0D-A1DD-F445A50B959A}.Debug|x64.ActiveCfg = Debug|x64
		{CEA7F7C1-E5C9-4E0D-A1DD-F445A50B959A}.Debug|x64.Build.0 = Debug|x64
		{CEA7F7C1-E5C9-4E0D-A1DD-F445A50B959A}.Debug|x86.ActiveCfg = Debug|Win32
		{CEA7F7C1-E5C9-4E0D-A1DD-F445A50B959A}.Debug|x86.Build.0 = Debug|Win32
		{CEA7F7C1-E5C9-4E0D-A1DD-F445A50B959A}.Release|x64.ActiveCfg = Release|x64
		{CEA7F7C1-E5C9-4E0D-A1DD-F445A50B959A}.Release|x64.Build.0 = Release|x64
		{CEA7F7C1-E5C9-4E0D-A1DD-F445A50B959A}.Release|x86.ActiveCfg = Release|Win32
		{CEA7F7C1-E5C9-4E0D-A1DD-F445A50B959A}.Release|x86.Build.0 = Release|Win32
		{F24DCE54-68C7-449D-B95A-94B2E6DF7D06}.Debug|x64.ActiveCfg = Debug|x64
		{F24DCE54-68C7-449D-B95A-94B2E6DF7D06}.Debug|x64.Build.0 = Debug|x64
		{F24DCE54-68C7-449D-B95A-94B2E6DF7D06}.Debug|x86.ActiveCfg = Debug|Win32
		{F24DCE54-68C7-449D-B95A-94B2E6DF7D06}.Debug|x86.Build.0 = Debug|Win32
		{F24DCE54-68C7-449D-B95A-94B2E6DF7D06}.Release|x64.ActiveCfg = Release|x64
		{F24DCE54-68C7-449D-B95A-94B2E6DF7D06}.Release|x64.Build.0 = Release|x64
		{F24DCE54-68C7-449D-B95A-94B2E6DF7D06}.Release|x86.ActiveCfg = Release|Win32
		{F24DCE54-68C7-449D-B95A-94B2E6DF7D06}.Release|x86.Build.0 = Release|Win32
		{975FED5A-3F67-4AD5-9F5F-EAE3FBCC8971}.Debug|x64.ActiveCfg = Debug|x64
		{975FED5A-3F67-4AD5-9F5F-EAE3FBCC8971}.Debug|x64.Build.0 = Debug|x64
		{975FED5A-3F67-4AD5-9F5F-EAE3FBCC8971}.Debug|x86.ActiveCfg = Debug|Win32
		{975FED5A-3F67-4AD5-9F5F-EAE3FBCC8971}.Debug|x86.Build.0 = Debug|Win32
		{975FED5A-3F67-4AD5-9F5F-EAE3FBCC8971}.Release|x64.ActiveCfg = Release|x64
		{975FED5A-3F67-4AD5-9F5F-EAE3FBCC8971}.Release|x64.Build.0 = Release|x64
		{975FED5A-3F67-4AD5-9F5F-EAE3FBCC8971}.Release|x86.ActiveCfg = Release|Win32
		{975FED5A-3F67-4AD5-9F5F-EAE3FBCC8971}.Release|x86.Build.0 = Release|Win32
		{58DD73DB-B0E3-442A-8251-23ED8AB53AFA}.Debug|x64.ActiveCfg = Debug|x64
		{58DD73DB-B0E3-442A-8251-23ED8AB53AFA}.Debug|x64.Build.0 = Debug|x64
		{58DD73DB-B0E3-442A-8251-23ED8AB53AFA}.Debug|x86.ActiveCfg = Debug|Win32
		{58DD73DB-B0E3-442A-8251-23ED8AB53AFA}.Debug|x86.Build.0 = Debug|Win32
		{58DD73DB-B0E3-442A-8251-23ED8AB53AFA}.Release|x64.ActiveCfg = Release|x64
		{58DD73DB-B0E3-442A-8251-23ED8AB53AFA}.Release|x64.Build.0 = Release|x64
		{58DD73DB-B0E3-442A-8251-23ED8AB53AFA}.Release|x86.ActiveCfg = Release|Win32
		{58DD73DB-B0E3-442A-8251-23ED8AB53AFA}.Release|x86.Build.0 = Release|Win32
		{74598A65-6A66-4B3D-A359-B6691CECC136}.Debug|x64.ActiveCfg = Debug|x64
		{74598A65-6A66-4B3D-A359-B6691CECC136}.Debug|x64.Build.0 = Debug|x64
		{74598A65-6A66-4B3D-A359-B6691CECC136}.Debug|x86.ActiveCfg = Debug|Win32
		{74598A65-6A66-4B3D-A359-B6691CECC136}.Debug|x86.Build.0 = Debug|Win32
		{74598A65-6A66-4B3D-A359-B6691CECC136}.Release|x64.ActiveCfg = Release|x64
		{74598A65-6A66-4B3D-A359-B6691CECC136}.Release|x64.Build.0 = Release|x64
		{74598A65-6A66-4B3D-A359-B6691CECC136}.Release|x86.ActiveCfg = Release|Win32
		{74598A65-6A66-4B3D-A359-B6691CECC136}.Release|x86.Build.0 = Release|Win32
		{8A259902-4430-41AF-8E56-7725B456DCCC}.Debug|x64.ActiveCfg = Debug|x64
		{8A259902-4430-41AF-8E56-7725B456DCCC}.Debug|x64.Build.0 = Debug|x64
		{8A259902-4430-41AF-8E56-7725B456DCCC}.Debug|x86.ActiveCfg = Debug|Win32
		{8A259902-4430-41AF-8E56-7725B456DCCC}.Debug|x86.Build.0 = Debug|Win32
		{8A259902-4430-41AF-8E56-7725B456DCCC}.Release|x64.ActiveCfg = Release|x64
		{8A259902-4430-41AF-8E56-7725B456DCCC}.Release|x64.Build.0 = Release|x64
		{8A259902-4430-41AF-8E56-7725B456DCCC}.Release|x86.ActiveCfg = Release|Win32
		{8A259902-4430-41AF-8E56-7725B456DCCC}.Release|x86.Build.0 = Release|Win32
		{395D2E83-1D8B-4180-9771-7B67E2FBCEFC}.Debug|x64.ActiveCfg = Debug|x64
		{395D2E83-1D8B-4180-9771-7B67E2FBCEFC}.Debug|x64.Build.0 = Debug|x64
		{395D2E83-1D8B-4180-9771-7B67E2FBCEFC}.Debug|x86.ActiveCfg = Debug|Win32
		{395D2E83-1D8B-4180-9771-7B67E2FBCEFC}.Debug|x86.Build.0 = Debug|Win32
		{395D2E83-1D8B-4180-9771-7B67E2FBCEFC}.Release|x64.ActiveCfg = Release|x64
		{395D2E83-1D8B-4180-9771-7B67E2FBCEFC}.Release|x64.Build.0 = Release|x64
		{395D2E83-1D8B-4180-9771-7B67E2FBCEFC}.Release|x86.ActiveCfg = Release|Win32
		{395D2E83-1D8B-4180-9771-7B67E2FBCEFC}.Release|x86.Build.0 = Release|Win32
		{A5636DF2-A288-4C6C-A7DA-FF8BA4B5D48A}.Debug|x64.ActiveCfg = Debug|x64
		{A5636DF2-A288-4C6C-A7DA-FF8BA4B5D48A}.Debug|x64.Build.0 = Debug|x64
		{A5636DF2-A288-4C6C-A7DA-FF8BA4B5D48A}.Debug|x86.ActiveCfg = Debug|Win32
		{A5636DF2-A288-4C6C-A7DA-FF8BA4B5D48A}.Debug|x86.Build.0 = Debug|Win32
		{A5636DF2-A288-4C6C-A7DA-FF8BA4B5D48A}.Release|x64.ActiveCfg = Release|x64
		{A5636DF2-A288-4C6C-A7DA-FF8BA4B5D48A}.Release|x64.Build.0 = Release|x64
		{A5636DF2-A288-4C6C-A7DA-FF8BA4B5D48A}.Release|x86.ActiveCfg = Release|Win32
		{A5636DF2-A288-4C6C-A7DA-FF8BA4B5D48A}.Release|x86.Build.0 = Release|Win32
		{1870CFE7-A4B7-4C07-88F0-4A68139AA370}.Debug|x64.ActiveCfg = Debug|x64
		{1870CFE7-A4B7-4C07-88F0-4A68139AA370}.Debug|x64.Build.0 = Debug|x64
		{1870CFE7-A4B7-4C07-88F0-4A68139AA370}.Debug|x86.ActiveCfg = Debug|Win32
		{1870CFE7-A4B7-4C07-88F0-4A68139AA370}.Debug|x86.Build.0 = Debug|Win32
		{1870CFE7-A4B7-4C07-88F0-4A68139AA370}.Release|x64.ActiveCfg = Release|x64
		{1870CFE7-A4B7-4C07-88F0-4A68139AA370}.Release|x64.Build.0 = Release|x64
		{1870CFE7-A4B7-4C07-88F0-4A68139AA370}.Release|x86.ActiveCfg = Release|Win32
		{1870CFE7-A4B7-4C07-88F0-4A68139AA370}.Release|x86.Build.0 = Release|Win32
		{F4F7C707-BE7E-4F11-950D-F100CAAD0BCC}.Debug|x64.ActiveCfg = Debug|x64
		{F4F7C707-BE7E-4F11-950D-F100CAAD0BCC}.Debug|x64.Build.0 = Debug|x64
		{F4F7C707-BE7E-4F11-950D-F100CAAD0BCC}.Debug|x86.ActiveCfg = Debug|Win32
		{F4F7C707-BE7E-4F11-950D-F100CAAD0BCC}.Debug|x86.Build.0 = Debug|Win32
		{F4F7C707-BE7E-4F11-950D-F100CAAD0BCC}.Release|x64.ActiveCfg = Release|x64
		{F4F7C707-BE7E-4F11-950D-F100CAAD0BCC}.Release|x64.Build.0 = Release|x64
		{F4F7C707-BE7E-4F11-950D-F100CAAD0BCC}.Release|x86.ActiveCfg = Release|Win32
		{F4F7C707-BE7E-4F11-950D-F100CAAD0BCC}.Release|x86.Build.0 = Release|Win32
		{C07F4C8B-E01F-41D5-BD53-9E58833C08F5}.Debug|x64.ActiveCfg = Debug|x64
		{C07F4C8B-E01F-41D5-BD53-9E58833C08F5}.Debug|x64.Build.0 = Debug|x64
		{C07F4C8B-E01F-41D5-BD53-9E58833C08F5}.Debug|x86.ActiveCfg = Debug|Win32
		{C07F4C8B-E01F-41D5-BD53-9E58833C08F5}.Debug|x86.Build.0 = Debug|Win32
		{C07F4C8B-E01F-41D5-BD53-9E58833C08F5}.Release|x64.ActiveCfg = Release|x64
		{C07F4C8B-E01F-41D5-BD53-9E58833C08F5}.Release|x64.Build.0 = Release|x64
		{C07F4C8B-E01F-41D5-BD53-9E58833C08F5}.Release|x86.ActiveCfg = Release|Win32
		{C07F4C8B-E01F-41D5-BD53-9E58833C08F5}.Release|x86.Build.0 = Release|Win32
		{33066374-88CB-CB8D-15DA-61032886329A}.Debug|x64.ActiveCfg = Debug|x64
		{33066374-88CB-CB8D-15DA-61032886329A}.Debug|x64.Build.0 = Debug|x64
		{33066374-88CB-CB8D-15DA-61032886329A}.Debug|x86.ActiveCfg = Debug|Win32
		{33066374-88CB-CB8D-15DA-61032886329A}.Debug|x86.Build.0 = Debug|Win32
		{33066374-88CB-CB8D-15DA-61032886329A}.Release|x64.ActiveCfg = Release|x64
		{33066374-88CB-CB8D-15DA-61032886329A}.Release|x64.Build.0 = Release|x64
		{33066374-88CB-CB8D-15DA-61032886329A}.Release|x86.ActiveCfg = Release|Win32
		{33066374-88CB-CB8D-15DA-61032886329A}.Release|x86.Build.0 = Release|Win32
		{7B2173A5-7AE4-4A80-9205-E7A22D485453}.Debug|x64.ActiveCfg = Debug|x64
		{7B2173A5-7AE4-4A80-9205-E7A22D485453}.Debug|x64.Build.0 = Debug|x64
		{7B2173A5-7AE4-4A80-9205-E7A22D485453}.Debug|x86.ActiveCfg = Debug|Win32
		{7B2173A5-7AE4-4A80-9205-E7A22D485453}.Debug|x86.Build.0 = Debug|Win32
		{7B2173A5-7AE4-4A80-9205-E7A22D485453}.Release|x64.ActiveCfg = Release|x64
		{7B2173A5-7AE4-4A80-9205-E7A22D485453}.Release|x64.Build.0 = Release|x64
		{7B2173A5-7AE4-4A80-9205-E7A22D485453}.Release|x86.ActiveCfg = Release|Win32
		{7B2173A5-7AE4-4A80-9205-E7A22D485453}.Release|x86.Build.0 = Release|Win32
		{DB044C7E-AA73-4906-A4E6-2FC76457FF23}.Debug|x64.ActiveCfg = Debug|x64
		{DB044C7E-AA73-4906-A4E6-2FC76457FF23}.Debug|x64.Build.0 = Debug|x64
		{DB044C7E-AA73-4906-A4E6-2FC76457FF23}.Debug|x86.ActiveCfg = Debug|Win32
		{DB044C7E-AA73-4906-A4E6-2FC76457FF23}.Debug|x86.Build.0 = Debug|Win32
		{DB044C7E-AA73-4906-A4E6-2FC76457FF23}.Release|x64.ActiveCfg = Release|x64
		{DB044C7E-AA73-4906-A4E6-2FC76457FF23}.Release|x64.Build.0 = Release|x64
		{DB044C7E-AA73-4906-A4E6-2FC76457FF23}.Release|x86.ActiveCfg = Release|Win32
		{DB044C7E-AA73-4906-A4E6-2FC76457FF23}.Release|x86.Build.0 = Release|Win32
		{453705F5-45AB-4B80-AC19-46B55D1EAD2A}.Debug|x64.ActiveCfg = Debug|x64
		{453705F5-45AB-4B80-AC19-46B55D1EAD2A}.Debug|x64.Build.0 = Debug|x64
		{453705F5-45AB-4B80-AC19-46B55D1EAD2A}.Debug|x86.ActiveCfg = Debug|Win32
		{453705F5-45AB-4B80-AC19-46B55D1EAD2A}.Debug|x86.Build.0 = Debug|Win32
		{453705F5-45AB-4B80-AC19-46B55D1EAD2A}.Release|x64.ActiveCfg = Release|x64
		{453705F5-45AB-4B80-AC19-46B55D1EAD2A}.Release|x64.Build.0 = Release|x64
		{453705F5-45AB-4B80-AC19-46B55D1EAD2A}.Release|x86.ActiveCfg = Release|Win32
		{453705F5-45AB-4B80-AC19-46B55D1EAD2A}.Release|x86.Build.0 = Release|Win32
		{60510332-5FF0-4776-84B9-C8543957C6C1}.Debug|x64.ActiveCfg = Debug|x64
		{60510332-5FF0-4776-84B9-C8543957C6C1}.Debug|x64.Build.0 = Debug|x64
		{60510332-5FF0-4776-84B9-C8543957C6C1}.Debug|x86.ActiveCfg = Debug|Win32
		{60510332-5FF0-4776-84B9-C8543957C6C1}.Debug|x86.Build.0 = Debug|Win32
		{60510332-5FF0-4776-84B9-C8543957C6C1}.Release|x64.ActiveCfg = Release|x64
		{60510332-5FF0-4776-84B9-C8543957C6C1}.Release|x64.Build.0 = Release|x64
		{60510332-5FF0-4776-84B9-C8543957C6C1}.Release|x86.ActiveCfg = Release|Win32
		{60510332-5FF0-4776-84B9-C8543957C6C1}.Release|x86.Build.0 = Release|Win32
	EndGlobalSection
	GlobalSection(SolutionProperties) = preSolution
		HideSolutionNode = FALSE
	EndGlobalSection
EndGlobal
